
Microsoft Visual Studio Solution File, Format Version 12.00
# Visual Studio Version 17
VisualStudioVersion = 17.5.33424.131
MinimumVisualStudioVersion = 10.0.40219.1
Project("{9A19103F-16F7-4668-BE54-9A1E7A4F7556}") = "Estrutura_If_1", "Estrutura_If_1\Estrutura_If_1.csproj", "{2A8BC1A5-A527-4F8B-9786-6FF6DAB9F7C6}"
EndProject
Project("{9A19103F-16F7-4668-BE54-9A1E7A4F7556}") = "Estrutura_if_else_2", "Estrutura_if_else_2\Estrutura_if_else_2.csproj", "{7CA36478-2154-4F01-9543-F13AE8DAABA0}"
EndProject
Project("{9A19103F-16F7-4668-BE54-9A1E7A4F7556}") = "Estrutura_if_else_if_3", "Estrutura_if_else_if_3\Estrutura_if_else_if_3.csproj", "{32C462EE-C780-4A02-BF54-7A140422F456}"
EndProject
Project("{9A19103F-16F7-4668-BE54-9A1E7A4F7556}") = "Estrutura_switch_case", "Estrutura_switch_1\Estrutura_switch_case.csproj", "{454F5478-330A-41E8-A0A4-CE72B4F95D93}"
EndProject
Project("{9A19103F-16F7-4668-BE54-9A1E7A4F7556}") = "Estrutura_switch_case2", "Estrutura_switch_case2\Estrutura_switch_case2.csproj", "{D62D7CB7-98AF-420A-9839-B6ED654D4E89}"
EndProject
Project("{9A19103F-16F7-4668-BE54-9A1E7A4F7556}") = "Repeticao_goto", "Repeticao_goto\Repeticao_goto.csproj", "{C487BBC9-6516-4124-A775-4915B1A512C7}"
EndProject
Project("{9A19103F-16F7-4668-BE54-9A1E7A4F7556}") = "Repeticao_while_1", "Repeticao_while_1\Repeticao_while_1.csproj", "{C4C17CE9-806A-4E88-9B85-A255E47F0C0C}"
EndProject
Project("{9A19103F-16F7-4668-BE54-9A1E7A4F7556}") = "Repeticao_while_2", "Repeticao_while_2\Repeticao_while_2.csproj", "{D7F5DA3B-8828-4E8F-81E8-498C116DF9DB}"
EndProject
Project("{9A19103F-16F7-4668-BE54-9A1E7A4F7556}") = "Repeticao_do_while_1", "Repeticao_do_while_1\Repeticao_do_while_1.csproj", "{7CB5C2A9-EF34-4D4F-8B8F-4A542166B185}"
EndProject
Project("{9A19103F-16F7-4668-BE54-9A1E7A4F7556}") = "Repeticao_for_1", "Repeticao_for_1\Repeticao_for_1.csproj", "{D8A929D4-CF66-46FE-A2C2-754D8313AFB9}"
EndProject
Project("{9A19103F-16F7-4668-BE54-9A1E7A4F7556}") = "Repeticao_for_2", "Repeticao_for_2\Repeticao_for_2.csproj", "{EDB7DDBC-B6EC-4555-B2B1-15508DA96F00}"
EndProject
Project("{9A19103F-16F7-4668-BE54-9A1E7A4F7556}") = "Break_Continue", "Break_Continue\Break_Continue.csproj", "{7B7058F2-4998-4030-8C8C-A47E5D214282}"
EndProject
Project("{FAE04EC0-301F-11D3-BF4B-00C04F79EFBC}") = "Exercicio_01", "Exercicios\Exercicio_01.csproj", "{9F6E796C-E48E-4CB1-8D42-6D6B4E094A72}"
EndProject
Project("{2150E333-8FDC-42A3-9474-1A3956D46DE8}") = "Exercicios", "Exercicios", "{F58ACBB8-96BD-4715-8597-EA472B3E85D2}"
EndProject
Project("{FAE04EC0-301F-11D3-BF4B-00C04F79EFBC}") = "Exercicio_02", "Exercicio_02\Exercicio_02.csproj", "{CDD01F74-5778-4172-A43E-1C1B807C808B}"
EndProject
Project("{FAE04EC0-301F-11D3-BF4B-00C04F79EFBC}") = "Exercicio_03", "Exercicio_03\Exercicio_03.csproj", "{4F1F6AA5-18B7-4772-9652-0714BF38B985}"
EndProject
Project("{FAE04EC0-301F-11D3-BF4B-00C04F79EFBC}") = "Exercicio_04", "Exercicio_04\Exercicio_04.csproj", "{75B08086-D389-4D90-89F2-C108E44EDF7E}"
EndProject
Project("{FAE04EC0-301F-11D3-BF4B-00C04F79EFBC}") = "Exercicio_05", "Exercicio_05\Exercicio_05.csproj", "{B7385772-01BD-49B6-BB03-3DB277B5DB5C}"
EndProject
Project("{FAE04EC0-301F-11D3-BF4B-00C04F79EFBC}") = "Exercicio_06", "Exercicio_06\Exercicio_06.csproj", "{C4C70137-12D3-4CD0-B9A1-D4211DFDAE29}"
EndProject
Project("{FAE04EC0-301F-11D3-BF4B-00C04F79EFBC}") = "Exercicio_07", "Exercicio_07\Exercicio_07.csproj", "{81D9A7A9-FC8E-42B5-BD36-881B9A2C5619}"
EndProject
Project("{FAE04EC0-301F-11D3-BF4B-00C04F79EFBC}") = "Exercicio_08", "Exercicio_08\Exercicio_08.csproj", "{FD453C0A-38D5-4B41-8139-B054731D800B}"
EndProject
Project("{FAE04EC0-301F-11D3-BF4B-00C04F79EFBC}") = "Exercicio_09", "Exercicio_09\Exercicio_09.csproj", "{8D020E70-E188-416F-880A-8146C1E49F4A}"
EndProject
Project("{FAE04EC0-301F-11D3-BF4B-00C04F79EFBC}") = "Exercicio_10", "Exercicio_10\Exercicio_10.csproj", "{20BE07CC-D88A-433A-B011-5FB0DF8D760B}"
EndProject
Project("{FAE04EC0-301F-11D3-BF4B-00C04F79EFBC}") = "Exercicio_11", "Exercicio_11\Exercicio_11.csproj", "{5A199601-8FD8-4C1B-83FB-87205E0B2D78}"
EndProject
Global
	GlobalSection(SolutionConfigurationPlatforms) = preSolution
		Debug|Any CPU = Debug|Any CPU
		Release|Any CPU = Release|Any CPU
	EndGlobalSection
	GlobalSection(ProjectConfigurationPlatforms) = postSolution
		{2A8BC1A5-A527-4F8B-9786-6FF6DAB9F7C6}.Debug|Any CPU.ActiveCfg = Debug|Any CPU
		{2A8BC1A5-A527-4F8B-9786-6FF6DAB9F7C6}.Debug|Any CPU.Build.0 = Debug|Any CPU
		{2A8BC1A5-A527-4F8B-9786-6FF6DAB9F7C6}.Release|Any CPU.ActiveCfg = Release|Any CPU
		{2A8BC1A5-A527-4F8B-9786-6FF6DAB9F7C6}.Release|Any CPU.Build.0 = Release|Any CPU
		{7CA36478-2154-4F01-9543-F13AE8DAABA0}.Debug|Any CPU.ActiveCfg = Debug|Any CPU
		{7CA36478-2154-4F01-9543-F13AE8DAABA0}.Debug|Any CPU.Build.0 = Debug|Any CPU
		{7CA36478-2154-4F01-9543-F13AE8DAABA0}.Release|Any CPU.ActiveCfg = Release|Any CPU
		{7CA36478-2154-4F01-9543-F13AE8DAABA0}.Release|Any CPU.Build.0 = Release|Any CPU
		{32C462EE-C780-4A02-BF54-7A140422F456}.Debug|Any CPU.ActiveCfg = Debug|Any CPU
		{32C462EE-C780-4A02-BF54-7A140422F456}.Debug|Any CPU.Build.0 = Debug|Any CPU
		{32C462EE-C780-4A02-BF54-7A140422F456}.Release|Any CPU.ActiveCfg = Release|Any CPU
		{32C462EE-C780-4A02-BF54-7A140422F456}.Release|Any CPU.Build.0 = Release|Any CPU
		{454F5478-330A-41E8-A0A4-CE72B4F95D93}.Debug|Any CPU.ActiveCfg = Debug|Any CPU
		{454F5478-330A-41E8-A0A4-CE72B4F95D93}.Debug|Any CPU.Build.0 = Debug|Any CPU
		{454F5478-330A-41E8-A0A4-CE72B4F95D93}.Release|Any CPU.ActiveCfg = Release|Any CPU
		{454F5478-330A-41E8-A0A4-CE72B4F95D93}.Release|Any CPU.Build.0 = Release|Any CPU
		{D62D7CB7-98AF-420A-9839-B6ED654D4E89}.Debug|Any CPU.ActiveCfg = Debug|Any CPU
		{D62D7CB7-98AF-420A-9839-B6ED654D4E89}.Debug|Any CPU.Build.0 = Debug|Any CPU
		{D62D7CB7-98AF-420A-9839-B6ED654D4E89}.Release|Any CPU.ActiveCfg = Release|Any CPU
		{D62D7CB7-98AF-420A-9839-B6ED654D4E89}.Release|Any CPU.Build.0 = Release|Any CPU
		{C487BBC9-6516-4124-A775-4915B1A512C7}.Debug|Any CPU.ActiveCfg = Debug|Any CPU
		{C487BBC9-6516-4124-A775-4915B1A512C7}.Debug|Any CPU.Build.0 = Debug|Any CPU
		{C487BBC9-6516-4124-A775-4915B1A512C7}.Release|Any CPU.ActiveCfg = Release|Any CPU
		{C487BBC9-6516-4124-A775-4915B1A512C7}.Release|Any CPU.Build.0 = Release|Any CPU
		{C4C17CE9-806A-4E88-9B85-A255E47F0C0C}.Debug|Any CPU.ActiveCfg = Debug|Any CPU
		{C4C17CE9-806A-4E88-9B85-A255E47F0C0C}.Debug|Any CPU.Build.0 = Debug|Any CPU
		{C4C17CE9-806A-4E88-9B85-A255E47F0C0C}.Release|Any CPU.ActiveCfg = Release|Any CPU
		{C4C17CE9-806A-4E88-9B85-A255E47F0C0C}.Release|Any CPU.Build.0 = Release|Any CPU
		{D7F5DA3B-8828-4E8F-81E8-498C116DF9DB}.Debug|Any CPU.ActiveCfg = Debug|Any CPU
		{D7F5DA3B-8828-4E8F-81E8-498C116DF9DB}.Debug|Any CPU.Build.0 = Debug|Any CPU
		{D7F5DA3B-8828-4E8F-81E8-498C116DF9DB}.Release|Any CPU.ActiveCfg = Release|Any CPU
		{D7F5DA3B-8828-4E8F-81E8-498C116DF9DB}.Release|Any CPU.Build.0 = Release|Any CPU
		{7CB5C2A9-EF34-4D4F-8B8F-4A542166B185}.Debug|Any CPU.ActiveCfg = Debug|Any CPU
		{7CB5C2A9-EF34-4D4F-8B8F-4A542166B185}.Debug|Any CPU.Build.0 = Debug|Any CPU
		{7CB5C2A9-EF34-4D4F-8B8F-4A542166B185}.Release|Any CPU.ActiveCfg = Release|Any CPU
		{7CB5C2A9-EF34-4D4F-8B8F-4A542166B185}.Release|Any CPU.Build.0 = Release|Any CPU
		{D8A929D4-CF66-46FE-A2C2-754D8313AFB9}.Debug|Any CPU.ActiveCfg = Debug|Any CPU
		{D8A929D4-CF66-46FE-A2C2-754D8313AFB9}.Debug|Any CPU.Build.0 = Debug|Any CPU
		{D8A929D4-CF66-46FE-A2C2-754D8313AFB9}.Release|Any CPU.ActiveCfg = Release|Any CPU
		{D8A929D4-CF66-46FE-A2C2-754D8313AFB9}.Release|Any CPU.Build.0 = Release|Any CPU
		{EDB7DDBC-B6EC-4555-B2B1-15508DA96F00}.Debug|Any CPU.ActiveCfg = Debug|Any CPU
		{EDB7DDBC-B6EC-4555-B2B1-15508DA96F00}.Debug|Any CPU.Build.0 = Debug|Any CPU
		{EDB7DDBC-B6EC-4555-B2B1-15508DA96F00}.Release|Any CPU.ActiveCfg = Release|Any CPU
		{EDB7DDBC-B6EC-4555-B2B1-15508DA96F00}.Release|Any CPU.Build.0 = Release|Any CPU
		{7B7058F2-4998-4030-8C8C-A47E5D214282}.Debug|Any CPU.ActiveCfg = Debug|Any CPU
		{7B7058F2-4998-4030-8C8C-A47E5D214282}.Debug|Any CPU.Build.0 = Debug|Any CPU
		{7B7058F2-4998-4030-8C8C-A47E5D214282}.Release|Any CPU.ActiveCfg = Release|Any CPU
		{7B7058F2-4998-4030-8C8C-A47E5D214282}.Release|Any CPU.Build.0 = Release|Any CPU
		{9F6E796C-E48E-4CB1-8D42-6D6B4E094A72}.Debug|Any CPU.ActiveCfg = Debug|Any CPU
		{9F6E796C-E48E-4CB1-8D42-6D6B4E094A72}.Debug|Any CPU.Build.0 = Debug|Any CPU
		{9F6E796C-E48E-4CB1-8D42-6D6B4E094A72}.Release|Any CPU.ActiveCfg = Release|Any CPU
		{9F6E796C-E48E-4CB1-8D42-6D6B4E094A72}.Release|Any CPU.Build.0 = Release|Any CPU
		{CDD01F74-5778-4172-A43E-1C1B807C808B}.Debug|Any CPU.ActiveCfg = Debug|Any CPU
		{CDD01F74-5778-4172-A43E-1C1B807C808B}.Debug|Any CPU.Build.0 = Debug|Any CPU
		{CDD01F74-5778-4172-A43E-1C1B807C808B}.Release|Any CPU.ActiveCfg = Release|Any CPU
		{CDD01F74-5778-4172-A43E-1C1B807C808B}.Release|Any CPU.Build.0 = Release|Any CPU
		{4F1F6AA5-18B7-4772-9652-0714BF38B985}.Debug|Any CPU.ActiveCfg = Debug|Any CPU
		{4F1F6AA5-18B7-4772-9652-0714BF38B985}.Debug|Any CPU.Build.0 = Debug|Any CPU
		{4F1F6AA5-18B7-4772-9652-0714BF38B985}.Release|Any CPU.ActiveCfg = Release|Any CPU
		{4F1F6AA5-18B7-4772-9652-0714BF38B985}.Release|Any CPU.Build.0 = Release|Any CPU
		{75B08086-D389-4D90-89F2-C108E44EDF7E}.Debug|Any CPU.ActiveCfg = Debug|Any CPU
		{75B08086-D389-4D90-89F2-C108E44EDF7E}.Debug|Any CPU.Build.0 = Debug|Any CPU
		{75B08086-D389-4D90-89F2-C108E44EDF7E}.Release|Any CPU.ActiveCfg = Release|Any CPU
		{75B08086-D389-4D90-89F2-C108E44EDF7E}.Release|Any CPU.Build.0 = Release|Any CPU
		{B7385772-01BD-49B6-BB03-3DB277B5DB5C}.Debug|Any CPU.ActiveCfg = Debug|Any CPU
		{B7385772-01BD-49B6-BB03-3DB277B5DB5C}.Debug|Any CPU.Build.0 = Debug|Any CPU
		{B7385772-01BD-49B6-BB03-3DB277B5DB5C}.Release|Any CPU.ActiveCfg = Release|Any CPU
		{B7385772-01BD-49B6-BB03-3DB277B5DB5C}.Release|Any CPU.Build.0 = Release|Any CPU
		{C4C70137-12D3-4CD0-B9A1-D4211DFDAE29}.Debug|Any CPU.ActiveCfg = Debug|Any CPU
		{C4C70137-12D3-4CD0-B9A1-D4211DFDAE29}.Debug|Any CPU.Build.0 = Debug|Any CPU
		{C4C70137-12D3-4CD0-B9A1-D4211DFDAE29}.Release|Any CPU.ActiveCfg = Release|Any CPU
		{C4C70137-12D3-4CD0-B9A1-D4211DFDAE29}.Release|Any CPU.Build.0 = Release|Any CPU
		{81D9A7A9-FC8E-42B5-BD36-881B9A2C5619}.Debug|Any CPU.ActiveCfg = Debug|Any CPU
		{81D9A7A9-FC8E-42B5-BD36-881B9A2C5619}.Debug|Any CPU.Build.0 = Debug|Any CPU
		{81D9A7A9-FC8E-42B5-BD36-881B9A2C5619}.Release|Any CPU.ActiveCfg = Release|Any CPU
		{81D9A7A9-FC8E-42B5-BD36-881B9A2C5619}.Release|Any CPU.Build.0 = Release|Any CPU
		{FD453C0A-38D5-4B41-8139-B054731D800B}.Debug|Any CPU.ActiveCfg = Debug|Any CPU
		{FD453C0A-38D5-4B41-8139-B054731D800B}.Debug|Any CPU.Build.0 = Debug|Any CPU
		{FD453C0A-38D5-4B41-8139-B054731D800B}.Release|Any CPU.ActiveCfg = Release|Any CPU
		{FD453C0A-38D5-4B41-8139-B054731D800B}.Release|Any CPU.Build.0 = Release|Any CPU
		{8D020E70-E188-416F-880A-8146C1E49F4A}.Debug|Any CPU.ActiveCfg = Debug|Any CPU
		{8D020E70-E188-416F-880A-8146C1E49F4A}.Debug|Any CPU.Build.0 = Debug|Any CPU
		{8D020E70-E188-416F-880A-8146C1E49F4A}.Release|Any CPU.ActiveCfg = Release|Any CPU
		{8D020E70-E188-416F-880A-8146C1E49F4A}.Release|Any CPU.Build.0 = Release|Any CPU
		{20BE07CC-D88A-433A-B011-5FB0DF8D760B}.Debug|Any CPU.ActiveCfg = Debug|Any CPU
		{20BE07CC-D88A-433A-B011-5FB0DF8D760B}.Debug|Any CPU.Build.0 = Debug|Any CPU
		{20BE07CC-D88A-433A-B011-5FB0DF8D760B}.Release|Any CPU.ActiveCfg = Release|Any CPU
		{20BE07CC-D88A-433A-B011-5FB0DF8D760B}.Release|Any CPU.Build.0 = Release|Any CPU
		{5A199601-8FD8-4C1B-83FB-87205E0B2D78}.Debug|Any CPU.ActiveCfg = Debug|Any CPU
		{5A199601-8FD8-4C1B-83FB-87205E0B2D78}.Debug|Any CPU.Build.0 = Debug|Any CPU
		{5A199601-8FD8-4C1B-83FB-87205E0B2D78}.Release|Any CPU.ActiveCfg = Release|Any CPU
		{5A199601-8FD8-4C1B-83FB-87205E0B2D78}.Release|Any CPU.Build.0 = Release|Any CPU
	EndGlobalSection
	GlobalSection(SolutionProperties) = preSolution
		HideSolutionNode = FALSE
	EndGlobalSection
	GlobalSection(NestedProjects) = preSolution
		{9F6E796C-E48E-4CB1-8D42-6D6B4E094A72} = {F58ACBB8-96BD-4715-8597-EA472B3E85D2}
		{CDD01F74-5778-4172-A43E-1C1B807C808B} = {F58ACBB8-96BD-4715-8597-EA472B3E85D2}
		{4F1F6AA5-18B7-4772-9652-0714BF38B985} = {F58ACBB8-96BD-4715-8597-EA472B3E85D2}
		{75B08086-D389-4D90-89F2-C108E44EDF7E} = {F58ACBB8-96BD-4715-8597-EA472B3E85D2}
		{B7385772-01BD-49B6-BB03-3DB277B5DB5C} = {F58ACBB8-96BD-4715-8597-EA472B3E85D2}
		{C4C70137-12D3-4CD0-B9A1-D4211DFDAE29} = {F58ACBB8-96BD-4715-8597-EA472B3E85D2}
		{81D9A7A9-FC8E-42B5-BD36-881B9A2C5619} = {F58ACBB8-96BD-4715-8597-EA472B3E85D2}
		{FD453C0A-38D5-4B41-8139-B054731D800B} = {F58ACBB8-96BD-4715-8597-EA472B3E85D2}
		{8D020E70-E188-416F-880A-8146C1E49F4A} = {F58ACBB8-96BD-4715-8597-EA472B3E85D2}
		{20BE07CC-D88A-433A-B011-5FB0DF8D760B} = {F58ACBB8-96BD-4715-8597-EA472B3E85D2}
		{5A199601-8FD8-4C1B-83FB-87205E0B2D78} = {F58ACBB8-96BD-4715-8597-EA472B3E85D2}
	EndGlobalSection
	GlobalSection(ExtensibilityGlobals) = postSolution
		SolutionGuid = {A7B20E72-222C-4FDD-976D-B09F4EC9A939}
	EndGlobalSection
EndGlobal
